{
  "name": "@petruccinator3000/petruccinator3000.github.io",
  "version": "1.0.0",
  "lockfileVersion": 1,
  "requires": true,
  "dependencies": {
    "@petruccinator3000/timelinegenerator": {
      "version": "0.1.0",
      "resolved": "https://npm.pkg.github.com/download/@petruccinator3000/timelinegenerator/0.1.0/31d2cb75906b6343f693d9f7b438fe4eadac46ff0f407911558534bd07b2af1f",
      "integrity": "sha512-jwJwnvhJZZpKF7UFdkwDd2Ta/zuZpIbqVfWnerwiN1/MRb0VSvwgMWCtRcn/0FvO4pX7fztAcIf9Gnoh5OVBqQ=="
    }
  }
}
